
Microsoft Visual Studio Solution File, Format Version 12.00
# Visual Studio Version 17
VisualStudioVersion = 17.11.35312.102
MinimumVisualStudioVersion = 10.0.40219.1
Project("{FAE04EC0-301F-11D3-BF4B-00C04F79EFBC}") = "WebApi", "WebApi\WebApi.csproj", "{DC8F704D-BDF8-418E-9A00-2924F3511DCB}"
EndProject
Global
	GlobalSection(SolutionConfigurationPlatforms) = preSolution
		Debug|Any CPU = Debug|Any CPU
		Release|Any CPU = Release|Any CPU
	EndGlobalSection
	GlobalSection(ProjectConfigurationPlatforms) = postSolution
		{DC8F704D-BDF8-418E-9A00-2924F3511DCB}.Debug|Any CPU.ActiveCfg = Debug|Any CPU
		{DC8F704D-BDF8-418E-9A00-2924F3511DCB}.Debug|Any CPU.Build.0 = Debug|Any CPU
		{DC8F704D-BDF8-418E-9A00-2924F3511DCB}.Release|Any CPU.ActiveCfg = Release|Any CPU
		{DC8F704D-BDF8-418E-9A00-2924F3511DCB}.Release|Any CPU.Build.0 = Release|Any CPU
	EndGlobalSection
	GlobalSection(SolutionProperties) = preSolution
		HideSolutionNode = FALSE
	EndGlobalSection
	GlobalSection(ExtensibilityGlobals) = postSolution
		SolutionGuid = {C018BE39-8C88-4D7E-99AB-D6B802EB1F10}
	EndGlobalSection
EndGlobal
